
Microsoft Visual Studio Solution File, Format Version 11.00
# Visual Studio 2010
Project("{8BC9CEB8-8B4A-11D0-8D11-00A0C91BC942}") = "OpenCV Test", "OpenCV Test\OpenCV Test.vcxproj", "{F025FAB8-DE09-4150-A580-A3E9E9FF3860}"
EndProject
Global
	GlobalSection(SolutionConfigurationPlatforms) = preSolution
		Debug|Win32 = Debug|Win32
		Release|Win32 = Release|Win32
	EndGlobalSection
	GlobalSection(ProjectConfigurationPlatforms) = postSolution
		{F025FAB8-DE09-4150-A580-A3E9E9FF3860}.Debug|Win32.ActiveCfg = Debug|Win32
		{F025FAB8-DE09-4150-A580-A3E9E9FF3860}.Debug|Win32.Build.0 = Debug|Win32
		{F025FAB8-DE09-4150-A580-A3E9E9FF3860}.Release|Win32.ActiveCfg = Release|Win32
		{F025FAB8-DE09-4150-A580-A3E9E9FF3860}.Release|Win32.Build.0 = Release|Win32
	EndGlobalSection
	GlobalSection(SolutionProperties) = preSolution
		HideSolutionNode = FALSE
	EndGlobalSection
EndGlobal
